
Microsoft Visual Studio Solution File, Format Version 12.00
# Visual Studio 15
VisualStudioVersion = 15.0.27428.2011
MinimumVisualStudioVersion = 10.0.40219.1
Project("{9A19103F-16F7-4668-BE54-9A1E7A4F7556}") = "StarCitizen.Gimp.Core", "StarCitizen.Gimp.Core\StarCitizen.Gimp.Core.csproj", "{D878C1F1-2C43-419D-B6ED-E03AAE7438F7}"
EndProject
Project("{9A19103F-16F7-4668-BE54-9A1E7A4F7556}") = "StarCitizen.Gimp.Core.UnitTest", "StarCitizen.Gimp.Core.UnitTest\StarCitizen.Gimp.Core.UnitTest.csproj", "{FB40BBA6-0548-491D-98DB-C51AE7CBFEC1}"
EndProject
Project("{9A19103F-16F7-4668-BE54-9A1E7A4F7556}") = "StarCitizen.Gimp.Data", "StarCitizen.Gimp.Data\StarCitizen.Gimp.Data.csproj", "{4BB998CD-838A-4160-8A0D-2DA5D158109B}"
EndProject
Project("{9A19103F-16F7-4668-BE54-9A1E7A4F7556}") = "StarCitizen.Gimp.Web", "StarCitizen.Gimp.Web\StarCitizen.Gimp.Web.csproj", "{C66AB910-22FC-4FCA-8A39-C3A395A3F0AE}"
EndProject
Project("{9A19103F-16F7-4668-BE54-9A1E7A4F7556}") = "StarCitizen.Gimp.WebJobs.Core", "StarCitizen.Gimp.WebJobs.Core\StarCitizen.Gimp.WebJobs.Core.csproj", "{C921B440-FA87-4E25-8C1F-DD47DE2CB2BB}"
EndProject
Project("{9A19103F-16F7-4668-BE54-9A1E7A4F7556}") = "StarCitizen.Gimp.WebJobs.RssFeed", "StarCitizen.Gimp.WebJobs.RssFeed\StarCitizen.Gimp.WebJobs.RssFeed.csproj", "{5665502F-E80D-42F2-A24C-0579BD1EB258}"
EndProject
Project("{9A19103F-16F7-4668-BE54-9A1E7A4F7556}") = "StarCitizen.Gimp.WebJobs.StoreFeed", "StarCitizen.Gimp.WebJobs.StoreFeed\StarCitizen.Gimp.WebJobs.StoreFeed.csproj", "{37A22A39-221E-44D8-8421-05B5CDDA8D97}"
EndProject
Project("{9A19103F-16F7-4668-BE54-9A1E7A4F7556}") = "StarCitizen.Gimp.WebJobs.SpectrumFeed", "StarCitizen.Gimp.WebJobs.SpectrumFeed\StarCitizen.Gimp.WebJobs.SpectrumFeed.csproj", "{C1BC8190-DC46-4122-9A65-456C2D24CB55}"
EndProject
Global
	GlobalSection(SolutionConfigurationPlatforms) = preSolution
		Debug|Any CPU = Debug|Any CPU
		Release|Any CPU = Release|Any CPU
	EndGlobalSection
	GlobalSection(ProjectConfigurationPlatforms) = postSolution
		{D878C1F1-2C43-419D-B6ED-E03AAE7438F7}.Debug|Any CPU.ActiveCfg = Debug|Any CPU
		{D878C1F1-2C43-419D-B6ED-E03AAE7438F7}.Debug|Any CPU.Build.0 = Debug|Any CPU
		{D878C1F1-2C43-419D-B6ED-E03AAE7438F7}.Release|Any CPU.ActiveCfg = Release|Any CPU
		{D878C1F1-2C43-419D-B6ED-E03AAE7438F7}.Release|Any CPU.Build.0 = Release|Any CPU
		{FB40BBA6-0548-491D-98DB-C51AE7CBFEC1}.Debug|Any CPU.ActiveCfg = Debug|Any CPU
		{FB40BBA6-0548-491D-98DB-C51AE7CBFEC1}.Debug|Any CPU.Build.0 = Debug|Any CPU
		{FB40BBA6-0548-491D-98DB-C51AE7CBFEC1}.Release|Any CPU.ActiveCfg = Release|Any CPU
		{FB40BBA6-0548-491D-98DB-C51AE7CBFEC1}.Release|Any CPU.Build.0 = Release|Any CPU
		{4BB998CD-838A-4160-8A0D-2DA5D158109B}.Debug|Any CPU.ActiveCfg = Debug|Any CPU
		{4BB998CD-838A-4160-8A0D-2DA5D158109B}.Debug|Any CPU.Build.0 = Debug|Any CPU
		{4BB998CD-838A-4160-8A0D-2DA5D158109B}.Release|Any CPU.ActiveCfg = Release|Any CPU
		{4BB998CD-838A-4160-8A0D-2DA5D158109B}.Release|Any CPU.Build.0 = Release|Any CPU
		{C66AB910-22FC-4FCA-8A39-C3A395A3F0AE}.Debug|Any CPU.ActiveCfg = Debug|Any CPU
		{C66AB910-22FC-4FCA-8A39-C3A395A3F0AE}.Debug|Any CPU.Build.0 = Debug|Any CPU
		{C66AB910-22FC-4FCA-8A39-C3A395A3F0AE}.Release|Any CPU.ActiveCfg = Release|Any CPU
		{C66AB910-22FC-4FCA-8A39-C3A395A3F0AE}.Release|Any CPU.Build.0 = Release|Any CPU
		{C921B440-FA87-4E25-8C1F-DD47DE2CB2BB}.Debug|Any CPU.ActiveCfg = Debug|Any CPU
		{C921B440-FA87-4E25-8C1F-DD47DE2CB2BB}.Debug|Any CPU.Build.0 = Debug|Any CPU
		{C921B440-FA87-4E25-8C1F-DD47DE2CB2BB}.Release|Any CPU.ActiveCfg = Release|Any CPU
		{C921B440-FA87-4E25-8C1F-DD47DE2CB2BB}.Release|Any CPU.Build.0 = Release|Any CPU
		{5665502F-E80D-42F2-A24C-0579BD1EB258}.Debug|Any CPU.ActiveCfg = Debug|Any CPU
		{5665502F-E80D-42F2-A24C-0579BD1EB258}.Debug|Any CPU.Build.0 = Debug|Any CPU
		{5665502F-E80D-42F2-A24C-0579BD1EB258}.Release|Any CPU.ActiveCfg = Release|Any CPU
		{5665502F-E80D-42F2-A24C-0579BD1EB258}.Release|Any CPU.Build.0 = Release|Any CPU
		{37A22A39-221E-44D8-8421-05B5CDDA8D97}.Debug|Any CPU.ActiveCfg = Debug|Any CPU
		{37A22A39-221E-44D8-8421-05B5CDDA8D97}.Debug|Any CPU.Build.0 = Debug|Any CPU
		{37A22A39-221E-44D8-8421-05B5CDDA8D97}.Release|Any CPU.ActiveCfg = Release|Any CPU
		{37A22A39-221E-44D8-8421-05B5CDDA8D97}.Release|Any CPU.Build.0 = Release|Any CPU
		{C1BC8190-DC46-4122-9A65-456C2D24CB55}.Debug|Any CPU.ActiveCfg = Debug|Any CPU
		{C1BC8190-DC46-4122-9A65-456C2D24CB55}.Debug|Any CPU.Build.0 = Debug|Any CPU
		{C1BC8190-DC46-4122-9A65-456C2D24CB55}.Release|Any CPU.ActiveCfg = Release|Any CPU
		{C1BC8190-DC46-4122-9A65-456C2D24CB55}.Release|Any CPU.Build.0 = Release|Any CPU
	EndGlobalSection
	GlobalSection(SolutionProperties) = preSolution
		HideSolutionNode = FALSE
	EndGlobalSection
	GlobalSection(ExtensibilityGlobals) = postSolution
		SolutionGuid = {134305A0-5257-4F15-BDAF-B834A32634AA}
	EndGlobalSection
EndGlobal
